
Microsoft Visual Studio Solution File, Format Version 12.00
# Visual Studio Version 17
VisualStudioVersion = 17.3.32922.545
MinimumVisualStudioVersion = 10.0.40219.1
Project("{FAE04EC0-301F-11D3-BF4B-00C04F79EFBC}") = "Project-DotNet-Dojo", "Project-DotNet-Dojo\Project-DotNet-Dojo.csproj", "{094957E3-6A46-4BD5-9F8A-121DAE9F3469}"
EndProject
Global
	GlobalSection(SolutionConfigurationPlatforms) = preSolution
		Debug|Any CPU = Debug|Any CPU
		Release|Any CPU = Release|Any CPU
	EndGlobalSection
	GlobalSection(ProjectConfigurationPlatforms) = postSolution
		{094957E3-6A46-4BD5-9F8A-121DAE9F3469}.Debug|Any CPU.ActiveCfg = Debug|Any CPU
		{094957E3-6A46-4BD5-9F8A-121DAE9F3469}.Debug|Any CPU.Build.0 = Debug|Any CPU
		{094957E3-6A46-4BD5-9F8A-121DAE9F3469}.Release|Any CPU.ActiveCfg = Release|Any CPU
		{094957E3-6A46-4BD5-9F8A-121DAE9F3469}.Release|Any CPU.Build.0 = Release|Any CPU
	EndGlobalSection
	GlobalSection(SolutionProperties) = preSolution
		HideSolutionNode = FALSE
	EndGlobalSection
	GlobalSection(ExtensibilityGlobals) = postSolution
		SolutionGuid = {F52A073A-7D86-4758-8734-7D0339CDCBF4}
	EndGlobalSection
EndGlobal
